Microsoft Visual Studio Solution File, Format Version 12.00
# Visual Studio 15
VisualStudioVersion = 15.0.26124.0
MinimumVisualStudioVersion = 15.0.26124.0
Project("{9A19103F-16F7-4668-BE54-9A1E7A4F7556}") = "NewCrmCore.Api", "NewCrmCore.Api\NewCrmCore.Api.csproj", "{B066B201-ADF8-4B5D-9F60-80A2AB1F4FED}"
EndProject
Project("{9A19103F-16F7-4668-BE54-9A1E7A4F7556}") = "NewCrmCore.Dto", "NewCrmCore.Dto\NewCrmCore.Dto.csproj", "{5CB0B1E8-5B49-42E4-A9C4-61B43E0C60A0}"
EndProject
Project("{9A19103F-16F7-4668-BE54-9A1E7A4F7556}") = "NewCrmCore.Application.Services", "NewCrmCore.Application.Services\NewCrmCore.Application.Services.csproj", "{3A6AD86B-BA13-43AA-8FCE-A86B0D089B2D}"
EndProject
Project("{9A19103F-16F7-4668-BE54-9A1E7A4F7556}") = "NewCrmCore.Domain.Services", "NewCrmCore.Domain.Services\NewCrmCore.Domain.Services.csproj", "{DFFD53D9-802B-434E-9AD2-0708C98614FA}"
EndProject
Project("{9A19103F-16F7-4668-BE54-9A1E7A4F7556}") = "NewCrmCore.Domain", "NewCrmCore.Domain\NewCrmCore.Domain.csproj", "{02479AC5-5904-43EF-B6A1-D1E78AB30978}"
EndProject
Project("{9A19103F-16F7-4668-BE54-9A1E7A4F7556}") = "NewCrmCore.Infrastructure", "NewCrmCore.Infrastructure\NewCrmCore.Infrastructure.csproj", "{A98AFDCD-A7AE-4AE6-9801-0DFF72A13066}"
EndProject
Project("{9A19103F-16F7-4668-BE54-9A1E7A4F7556}") = "NewCrmCore.FileServices", "NewCrmCore.FileServices\NewCrmCore.FileServices.csproj", "{AB054792-7349-4D66-A870-32BC178FCAAF}"
EndProject
Project("{9A19103F-16F7-4668-BE54-9A1E7A4F7556}") = "NewCrmCore.NotifyCenter", "NewCrmCore.NotifyCenter\NewCrmCore.NotifyCenter.csproj", "{F3C09591-7CAB-46D4-BCB2-22C554907096}"
EndProject
Global
	GlobalSection(SolutionConfigurationPlatforms) = preSolution
		Debug|Any CPU = Debug|Any CPU
		Debug|x64 = Debug|x64
		Debug|x86 = Debug|x86
		Release|Any CPU = Release|Any CPU
		Release|x64 = Release|x64
		Release|x86 = Release|x86
	EndGlobalSection
	GlobalSection(ProjectConfigurationPlatforms) = postSolution
		{B066B201-ADF8-4B5D-9F60-80A2AB1F4FED}.Debug|Any CPU.ActiveCfg = Debug|Any CPU
		{B066B201-ADF8-4B5D-9F60-80A2AB1F4FED}.Debug|Any CPU.Build.0 = Debug|Any CPU
		{B066B201-ADF8-4B5D-9F60-80A2AB1F4FED}.Debug|x64.ActiveCfg = Debug|Any CPU
		{B066B201-ADF8-4B5D-9F60-80A2AB1F4FED}.Debug|x64.Build.0 = Debug|Any CPU
		{B066B201-ADF8-4B5D-9F60-80A2AB1F4FED}.Debug|x86.ActiveCfg = Debug|Any CPU
		{B066B201-ADF8-4B5D-9F60-80A2AB1F4FED}.Debug|x86.Build.0 = Debug|Any CPU
		{B066B201-ADF8-4B5D-9F60-80A2AB1F4FED}.Release|Any CPU.ActiveCfg = Release|Any CPU
		{B066B201-ADF8-4B5D-9F60-80A2AB1F4FED}.Release|Any CPU.Build.0 = Release|Any CPU
		{B066B201-ADF8-4B5D-9F60-80A2AB1F4FED}.Release|x64.ActiveCfg = Release|Any CPU
		{B066B201-ADF8-4B5D-9F60-80A2AB1F4FED}.Release|x64.Build.0 = Release|Any CPU
		{B066B201-ADF8-4B5D-9F60-80A2AB1F4FED}.Release|x86.ActiveCfg = Release|Any CPU
		{B066B201-ADF8-4B5D-9F60-80A2AB1F4FED}.Release|x86.Build.0 = Release|Any CPU
		{5CB0B1E8-5B49-42E4-A9C4-61B43E0C60A0}.Debug|Any CPU.ActiveCfg = Debug|Any CPU
		{5CB0B1E8-5B49-42E4-A9C4-61B43E0C60A0}.Debug|Any CPU.Build.0 = Debug|Any CPU
		{5CB0B1E8-5B49-42E4-A9C4-61B43E0C60A0}.Debug|x64.ActiveCfg = Debug|Any CPU
		{5CB0B1E8-5B49-42E4-A9C4-61B43E0C60A0}.Debug|x64.Build.0 = Debug|Any CPU
		{5CB0B1E8-5B49-42E4-A9C4-61B43E0C60A0}.Debug|x86.ActiveCfg = Debug|Any CPU
		{5CB0B1E8-5B49-42E4-A9C4-61B43E0C60A0}.Debug|x86.Build.0 = Debug|Any CPU
		{5CB0B1E8-5B49-42E4-A9C4-61B43E0C60A0}.Release|Any CPU.ActiveCfg = Release|Any CPU
		{5CB0B1E8-5B49-42E4-A9C4-61B43E0C60A0}.Release|Any CPU.Build.0 = Release|Any CPU
		{5CB0B1E8-5B49-42E4-A9C4-61B43E0C60A0}.Release|x64.ActiveCfg = Release|Any CPU
		{5CB0B1E8-5B49-42E4-A9C4-61B43E0C60A0}.Release|x64.Build.0 = Release|Any CPU
		{5CB0B1E8-5B49-42E4-A9C4-61B43E0C60A0}.Release|x86.ActiveCfg = Release|Any CPU
		{5CB0B1E8-5B49-42E4-A9C4-61B43E0C60A0}.Release|x86.Build.0 = Release|Any CPU
		{3A6AD86B-BA13-43AA-8FCE-A86B0D089B2D}.Debug|Any CPU.ActiveCfg = Debug|Any CPU
		{3A6AD86B-BA13-43AA-8FCE-A86B0D089B2D}.Debug|Any CPU.Build.0 = Debug|Any CPU
		{3A6AD86B-BA13-43AA-8FCE-A86B0D089B2D}.Debug|x64.ActiveCfg = Debug|Any CPU
		{3A6AD86B-BA13-43AA-8FCE-A86B0D089B2D}.Debug|x64.Build.0 = Debug|Any CPU
		{3A6AD86B-BA13-43AA-8FCE-A86B0D089B2D}.Debug|x86.ActiveCfg = Debug|Any CPU
		{3A6AD86B-BA13-43AA-8FCE-A86B0D089B2D}.Debug|x86.Build.0 = Debug|Any CPU
		{3A6AD86B-BA13-43AA-8FCE-A86B0D089B2D}.Release|Any CPU.ActiveCfg = Release|Any CPU
		{3A6AD86B-BA13-43AA-8FCE-A86B0D089B2D}.Release|Any CPU.Build.0 = Release|Any CPU
		{3A6AD86B-BA13-43AA-8FCE-A86B0D089B2D}.Release|x64.ActiveCfg = Release|Any CPU
		{3A6AD86B-BA13-43AA-8FCE-A86B0D089B2D}.Release|x64.Build.0 = Release|Any CPU
		{3A6AD86B-BA13-43AA-8FCE-A86B0D089B2D}.Release|x86.ActiveCfg = Release|Any CPU
		{3A6AD86B-BA13-43AA-8FCE-A86B0D089B2D}.Release|x86.Build.0 = Release|Any CPU
		{DFFD53D9-802B-434E-9AD2-0708C98614FA}.Debug|Any CPU.ActiveCfg = Debug|Any CPU
		{DFFD53D9-802B-434E-9AD2-0708C98614FA}.Debug|Any CPU.Build.0 = Debug|Any CPU
		{DFFD53D9-802B-434E-9AD2-0708C98614FA}.Debug|x64.ActiveCfg = Debug|Any CPU
		{DFFD53D9-802B-434E-9AD2-0708C98614FA}.Debug|x64.Build.0 = Debug|Any CPU
		{DFFD53D9-802B-434E-9AD2-0708C98614FA}.Debug|x86.ActiveCfg = Debug|Any CPU
		{DFFD53D9-802B-434E-9AD2-0708C98614FA}.Debug|x86.Build.0 = Debug|Any CPU
		{DFFD53D9-802B-434E-9AD2-0708C98614FA}.Release|Any CPU.ActiveCfg = Release|Any CPU
		{DFFD53D9-802B-434E-9AD2-0708C98614FA}.Release|Any CPU.Build.0 = Release|Any CPU
		{DFFD53D9-802B-434E-9AD2-0708C98614FA}.Release|x64.ActiveCfg = Release|Any CPU
		{DFFD53D9-802B-434E-9AD2-0708C98614FA}.Release|x64.Build.0 = Release|Any CPU
		{DFFD53D9-802B-434E-9AD2-0708C98614FA}.Release|x86.ActiveCfg = Release|Any CPU
		{DFFD53D9-802B-434E-9AD2-0708C98614FA}.Release|x86.Build.0 = Release|Any CPU
		{02479AC5-5904-43EF-B6A1-D1E78AB30978}.Debug|Any CPU.ActiveCfg = Debug|Any CPU
		{02479AC5-5904-43EF-B6A1-D1E78AB30978}.Debug|Any CPU.Build.0 = Debug|Any CPU
		{02479AC5-5904-43EF-B6A1-D1E78AB30978}.Debug|x64.ActiveCfg = Debug|Any CPU
		{02479AC5-5904-43EF-B6A1-D1E78AB30978}.Debug|x64.Build.0 = Debug|Any CPU
		{02479AC5-5904-43EF-B6A1-D1E78AB30978}.Debug|x86.ActiveCfg = Debug|Any CPU
		{02479AC5-5904-43EF-B6A1-D1E78AB30978}.Debug|x86.Build.0 = Debug|Any CPU
		{02479AC5-5904-43EF-B6A1-D1E78AB30978}.Release|Any CPU.ActiveCfg = Release|Any CPU
		{02479AC5-5904-43EF-B6A1-D1E78AB30978}.Release|Any CPU.Build.0 = Release|Any CPU
		{02479AC5-5904-43EF-B6A1-D1E78AB30978}.Release|x64.ActiveCfg = Release|Any CPU
		{02479AC5-5904-43EF-B6A1-D1E78AB30978}.Release|x64.Build.0 = Release|Any CPU
		{02479AC5-5904-43EF-B6A1-D1E78AB30978}.Release|x86.ActiveCfg = Release|Any CPU
		{02479AC5-5904-43EF-B6A1-D1E78AB30978}.Release|x86.Build.0 = Release|Any CPU
		{A98AFDCD-A7AE-4AE6-9801-0DFF72A13066}.Debug|Any CPU.ActiveCfg = Debug|Any CPU
		{A98AFDCD-A7AE-4AE6-9801-0DFF72A13066}.Debug|Any CPU.Build.0 = Debug|Any CPU
		{A98AFDCD-A7AE-4AE6-9801-0DFF72A13066}.Debug|x64.ActiveCfg = Debug|Any CPU
		{A98AFDCD-A7AE-4AE6-9801-0DFF72A13066}.Debug|x64.Build.0 = Debug|Any CPU
		{A98AFDCD-A7AE-4AE6-9801-0DFF72A13066}.Debug|x86.ActiveCfg = Debug|Any CPU
		{A98AFDCD-A7AE-4AE6-9801-0DFF72A13066}.Debug|x86.Build.0 = Debug|Any CPU
		{A98AFDCD-A7AE-4AE6-9801-0DFF72A13066}.Release|Any CPU.ActiveCfg = Release|Any CPU
		{A98AFDCD-A7AE-4AE6-9801-0DFF72A13066}.Release|Any CPU.Build.0 = Release|Any CPU
		{A98AFDCD-A7AE-4AE6-9801-0DFF72A13066}.Release|x64.ActiveCfg = Release|Any CPU
		{A98AFDCD-A7AE-4AE6-9801-0DFF72A13066}.Release|x64.Build.0 = Release|Any CPU
		{A98AFDCD-A7AE-4AE6-9801-0DFF72A13066}.Release|x86.ActiveCfg = Release|Any CPU
		{A98AFDCD-A7AE-4AE6-9801-0DFF72A13066}.Release|x86.Build.0 = Release|Any CPU
		{AB054792-7349-4D66-A870-32BC178FCAAF}.Debug|Any CPU.ActiveCfg = Debug|Any CPU
		{AB054792-7349-4D66-A870-32BC178FCAAF}.Debug|Any CPU.Build.0 = Debug|Any CPU
		{AB054792-7349-4D66-A870-32BC178FCAAF}.Debug|x64.ActiveCfg = Debug|Any CPU
		{AB054792-7349-4D66-A870-32BC178FCAAF}.Debug|x64.Build.0 = Debug|Any CPU
		{AB054792-7349-4D66-A870-32BC178FCAAF}.Debug|x86.ActiveCfg = Debug|Any CPU
		{AB054792-7349-4D66-A870-32BC178FCAAF}.Debug|x86.Build.0 = Debug|Any CPU
		{AB054792-7349-4D66-A870-32BC178FCAAF}.Release|Any CPU.ActiveCfg = Release|Any CPU
		{AB054792-7349-4D66-A870-32BC178FCAAF}.Release|Any CPU.Build.0 = Release|Any CPU
		{AB054792-7349-4D66-A870-32BC178FCAAF}.Release|x64.ActiveCfg = Release|Any CPU
		{AB054792-7349-4D66-A870-32BC178FCAAF}.Release|x64.Build.0 = Release|Any CPU
		{AB054792-7349-4D66-A870-32BC178FCAAF}.Release|x86.ActiveCfg = Release|Any CPU
		{AB054792-7349-4D66-A870-32BC178FCAAF}.Release|x86.Build.0 = Release|Any CPU
		{F3C09591-7CAB-46D4-BCB2-22C554907096}.Debug|Any CPU.ActiveCfg = Debug|Any CPU
		{F3C09591-7CAB-46D4-BCB2-22C554907096}.Debug|Any CPU.Build.0 = Debug|Any CPU
		{F3C09591-7CAB-46D4-BCB2-22C554907096}.Debug|x64.ActiveCfg = Debug|Any CPU
		{F3C09591-7CAB-46D4-BCB2-22C554907096}.Debug|x64.Build.0 = Debug|Any CPU
		{F3C09591-7CAB-46D4-BCB2-22C554907096}.Debug|x86.ActiveCfg = Debug|Any CPU
		{F3C09591-7CAB-46D4-BCB2-22C554907096}.Debug|x86.Build.0 = Debug|Any CPU
		{F3C09591-7CAB-46D4-BCB2-22C554907096}.Release|Any CPU.ActiveCfg = Release|Any CPU
		{F3C09591-7CAB-46D4-BCB2-22C554907096}.Release|Any CPU.Build.0 = Release|Any CPU
		{F3C09591-7CAB-46D4-BCB2-22C554907096}.Release|x64.ActiveCfg = Release|Any CPU
		{F3C09591-7CAB-46D4-BCB2-22C554907096}.Release|x64.Build.0 = Release|Any CPU
		{F3C09591-7CAB-46D4-BCB2-22C554907096}.Release|x86.ActiveCfg = Release|Any CPU
		{F3C09591-7CAB-46D4-BCB2-22C554907096}.Release|x86.Build.0 = Release|Any CPU
	EndGlobalSection
	GlobalSection(SolutionProperties) = preSolution
		HideSolutionNode = FALSE
	EndGlobalSection
	GlobalSection(ExtensibilityGlobals) = postSolution
		SolutionGuid = {28C59D86-2338-4C67-B9D2-E8A141900ADC}
	EndGlobalSection
EndGlobal
