
Microsoft Visual Studio Solution File, Format Version 12.00
# Visual Studio 15
VisualStudioVersion = 15.0.27428.2027
MinimumVisualStudioVersion = 10.0.40219.1
Project("{FAE04EC0-301F-11D3-BF4B-00C04F79EFBC}") = "NewCrmCore.Web", "NewCrmCore.Web\NewCrmCore.Web.csproj", "{63312310-06B1-48BB-A1B6-66CDCCDF03DF}"
EndProject
Project("{FAE04EC0-301F-11D3-BF4B-00C04F79EFBC}") = "NewCrmCore.Dto", "NewCrmCore.Dto\NewCrmCore.Dto.csproj", "{581647F6-118C-4B9A-9FD2-8220F1E53B50}"
EndProject
Project("{FAE04EC0-301F-11D3-BF4B-00C04F79EFBC}") = "NewCrmCore.Application.Services", "NewCrmCore.Application.Services\NewCrmCore.Application.Services.csproj", "{F8C4D5A8-9F70-4120-8832-3CA25A0CA091}"
EndProject
Project("{FAE04EC0-301F-11D3-BF4B-00C04F79EFBC}") = "NewCrmCore.Domain.Services", "NewCrmCore.Domain.Services\NewCrmCore.Domain.Services.csproj", "{C21927D5-4F1F-483D-8409-CD222DA75615}"
EndProject
Project("{FAE04EC0-301F-11D3-BF4B-00C04F79EFBC}") = "NewCrmCore.Domain", "NewCrmCore.Domain\NewCrmCore.Domain.csproj", "{05346A72-BD09-41E2-BCFD-66F802842985}"
EndProject
Project("{FAE04EC0-301F-11D3-BF4B-00C04F79EFBC}") = "NewCrmCore.Infrastructure", "NewCrmCore.Infrastructure\NewCrmCore.Infrastructure.csproj", "{F04C7647-525D-4784-BC28-FA902CA3A186}"
EndProject
Project("{FAE04EC0-301F-11D3-BF4B-00C04F79EFBC}") = "NewCrmCore.FileServices", "NewCrmCore.FileServices\NewCrmCore.FileServices.csproj", "{1F16D673-47DB-454F-9585-37F5984B65DE}"
EndProject
Project("{FAE04EC0-301F-11D3-BF4B-00C04F79EFBC}") = "NewCrmCore.NotifyCenter", "NewCrmCore.NotifyCenter\NewCrmCore.NotifyCenter.csproj", "{17C264E8-5094-48D4-8902-E91F51612373}"
EndProject
Global
	GlobalSection(SolutionConfigurationPlatforms) = preSolution
		Debug|Any CPU = Debug|Any CPU
		Release|Any CPU = Release|Any CPU
		Debug|x64 = Debug|x64
		Debug|x86 = Debug|x86
		Release|x64 = Release|x64
		Release|x86 = Release|x86
	EndGlobalSection
	GlobalSection(ProjectConfigurationPlatforms) = postSolution
		{63312310-06B1-48BB-A1B6-66CDCCDF03DF}.Debug|Any CPU.ActiveCfg = Debug|Any CPU
		{63312310-06B1-48BB-A1B6-66CDCCDF03DF}.Debug|Any CPU.Build.0 = Debug|Any CPU
		{63312310-06B1-48BB-A1B6-66CDCCDF03DF}.Release|Any CPU.ActiveCfg = Release|Any CPU
		{63312310-06B1-48BB-A1B6-66CDCCDF03DF}.Release|Any CPU.Build.0 = Release|Any CPU
		{581647F6-118C-4B9A-9FD2-8220F1E53B50}.Debug|Any CPU.ActiveCfg = Debug|Any CPU
		{581647F6-118C-4B9A-9FD2-8220F1E53B50}.Debug|Any CPU.Build.0 = Debug|Any CPU
		{581647F6-118C-4B9A-9FD2-8220F1E53B50}.Release|Any CPU.ActiveCfg = Release|Any CPU
		{581647F6-118C-4B9A-9FD2-8220F1E53B50}.Release|Any CPU.Build.0 = Release|Any CPU
		{F8C4D5A8-9F70-4120-8832-3CA25A0CA091}.Debug|Any CPU.ActiveCfg = Debug|Any CPU
		{F8C4D5A8-9F70-4120-8832-3CA25A0CA091}.Debug|Any CPU.Build.0 = Debug|Any CPU
		{F8C4D5A8-9F70-4120-8832-3CA25A0CA091}.Release|Any CPU.ActiveCfg = Release|Any CPU
		{F8C4D5A8-9F70-4120-8832-3CA25A0CA091}.Release|Any CPU.Build.0 = Release|Any CPU
		{C21927D5-4F1F-483D-8409-CD222DA75615}.Debug|Any CPU.ActiveCfg = Debug|Any CPU
		{C21927D5-4F1F-483D-8409-CD222DA75615}.Debug|Any CPU.Build.0 = Debug|Any CPU
		{C21927D5-4F1F-483D-8409-CD222DA75615}.Release|Any CPU.ActiveCfg = Release|Any CPU
		{C21927D5-4F1F-483D-8409-CD222DA75615}.Release|Any CPU.Build.0 = Release|Any CPU
		{05346A72-BD09-41E2-BCFD-66F802842985}.Debug|Any CPU.ActiveCfg = Debug|Any CPU
		{05346A72-BD09-41E2-BCFD-66F802842985}.Debug|Any CPU.Build.0 = Debug|Any CPU
		{05346A72-BD09-41E2-BCFD-66F802842985}.Release|Any CPU.ActiveCfg = Release|Any CPU
		{05346A72-BD09-41E2-BCFD-66F802842985}.Release|Any CPU.Build.0 = Release|Any CPU
		{F04C7647-525D-4784-BC28-FA902CA3A186}.Debug|Any CPU.ActiveCfg = Debug|Any CPU
		{F04C7647-525D-4784-BC28-FA902CA3A186}.Debug|Any CPU.Build.0 = Debug|Any CPU
		{F04C7647-525D-4784-BC28-FA902CA3A186}.Release|Any CPU.ActiveCfg = Release|Any CPU
		{F04C7647-525D-4784-BC28-FA902CA3A186}.Release|Any CPU.Build.0 = Release|Any CPU
		{1F16D673-47DB-454F-9585-37F5984B65DE}.Debug|Any CPU.ActiveCfg = Debug|Any CPU
		{1F16D673-47DB-454F-9585-37F5984B65DE}.Debug|Any CPU.Build.0 = Debug|Any CPU
		{1F16D673-47DB-454F-9585-37F5984B65DE}.Release|Any CPU.ActiveCfg = Release|Any CPU
		{1F16D673-47DB-454F-9585-37F5984B65DE}.Release|Any CPU.Build.0 = Release|Any CPU
		{17C264E8-5094-48D4-8902-E91F51612373}.Debug|Any CPU.ActiveCfg = Debug|Any CPU
		{17C264E8-5094-48D4-8902-E91F51612373}.Debug|Any CPU.Build.0 = Debug|Any CPU
		{17C264E8-5094-48D4-8902-E91F51612373}.Debug|x64.ActiveCfg = Debug|x64
		{17C264E8-5094-48D4-8902-E91F51612373}.Debug|x64.Build.0 = Debug|x64
		{17C264E8-5094-48D4-8902-E91F51612373}.Debug|x86.ActiveCfg = Debug|x86
		{17C264E8-5094-48D4-8902-E91F51612373}.Debug|x86.Build.0 = Debug|x86
		{17C264E8-5094-48D4-8902-E91F51612373}.Release|Any CPU.ActiveCfg = Release|Any CPU
		{17C264E8-5094-48D4-8902-E91F51612373}.Release|Any CPU.Build.0 = Release|Any CPU
		{17C264E8-5094-48D4-8902-E91F51612373}.Release|x64.ActiveCfg = Release|x64
		{17C264E8-5094-48D4-8902-E91F51612373}.Release|x64.Build.0 = Release|x64
		{17C264E8-5094-48D4-8902-E91F51612373}.Release|x86.ActiveCfg = Release|x86
		{17C264E8-5094-48D4-8902-E91F51612373}.Release|x86.Build.0 = Release|x86
	EndGlobalSection
	GlobalSection(SolutionProperties) = preSolution
		HideSolutionNode = FALSE
	EndGlobalSection
	GlobalSection(NestedProjects) = preSolution
		{63312310-06B1-48BB-A1B6-66CDCCDF03DF} = {2A2210C4-0D94-4897-B0D3-CD450B98AC48}
		{581647F6-118C-4B9A-9FD2-8220F1E53B50} = {A433ACC4-6DB6-4431-A64F-065DCFCA9551}
		{F8C4D5A8-9F70-4120-8832-3CA25A0CA091} = {2265398D-4915-4066-BE75-143A1E0E226E}
		{C21927D5-4F1F-483D-8409-CD222DA75615} = {2B8E0BEF-A7B6-4FC1-8EFE-269737609B2A}
		{05346A72-BD09-41E2-BCFD-66F802842985} = {2B8E0BEF-A7B6-4FC1-8EFE-269737609B2A}
		{F04C7647-525D-4784-BC28-FA902CA3A186} = {91BA44FA-C2E9-4C32-8811-76CBF290B6FF}
		{1F16D673-47DB-454F-9585-37F5984B65DE} = {2A2210C4-0D94-4897-B0D3-CD450B98AC48}
	EndGlobalSection
	GlobalSection(ExtensibilityGlobals) = postSolution
		SolutionGuid = {2580F6AB-0991-4D4A-B990-B01D535A6290}
	EndGlobalSection
EndGlobal
